// !$*UTF8*$!
{
	archiveVersion = 1;
	classes = {
	};
	objectVersion = 77;
	objects = {

/* Begin PBXContainerItemProxy section */
		3479181C2EC841E10039E1FE /* PBXContainerItemProxy */ = {
			isa = PBXContainerItemProxy;
			containerPortal = 347917FF2EC841DC0039E1FE /* Project object */;
			proxyType = 1;
			remoteGlobalIDString = 347918062EC841DC0039E1FE;
			remoteInfo = ceelo_web;
		};
		347918262EC841E10039E1FE /* PBXContainerItemProxy */ = {
			isa = PBXContainerItemProxy;
			containerPortal = 347917FF2EC841DC0039E1FE /* Project object */;
			proxyType = 1;
			remoteGlobalIDString = 347918062EC841DC0039E1FE;
			remoteInfo = ceelo_web;
		};
/* End PBXContainerItemProxy section */

/* Begin PBXFileReference section */
		347918072EC841DC0039E1FE /* ceelo_web.app */ = {isa = PBXFileReference; explicitFileType = wrapper.application; includeInIndex = 0; path = ceelo_web.app; sourceTree = BUILT_PRODUCTS_DIR; };
		3479181B2EC841E10039E1FE /* ceelo_webTests.xctest */ = {isa = PBXFileReference; explicitFileType = wrapper.cfbundle; includeInIndex = 0; path = ceelo_webTests.xctest; sourceTree = BUILT_PRODUCTS_DIR; };
		347918252EC841E10039E1FE /* ceelo_webUITests.xctest */ = {isa = PBXFileReference; explicitFileType = wrapper.cfbundle; includeInIndex = 0; path = ceelo_webUITests.xctest; sourceTree = BUILT_PRODUCTS_DIR; };
/* End PBXFileReference section */

/* Begin PBXFileSystemSynchronizedBuildFileExceptionSet section */
		3479182D2EC841E10039E1FE /* Exceptions for "ceelo_web" folder in "ceelo_web" target */ = {
			isa = PBXFileSystemSynchronizedBuildFileExceptionSet;
			membershipExceptions = (
				Info.plist,
			);
			target = 347918062EC841DC0039E1FE /* ceelo_web */;
		};
		3479185E2EC8F9880039E1FE /* Exceptions for "ceelo_web" folder in "ceelo_webTests" target */ = {
			isa = PBXFileSystemSynchronizedBuildFileExceptionSet;
			membershipExceptions = (
				lib/firebase_options.dart,
				lib/game_user.dart,
				lib/lobby_screen.dart,
				lib/login_screen.dart,
				lib/main_menu_screen.dart,
				lib/main.dart,
				lib/profile_page.dart,
				lib/register_page.dart,
				lib/room_screen.dart,
			);
			target = 3479181A2EC841E10039E1FE /* ceelo_webTests */;
		};
		3479185F2EC8F9880039E1FE /* Exceptions for "ceelo_web" folder in "ceelo_webUITests" target */ = {
			isa = PBXFileSystemSynchronizedBuildFileExceptionSet;
			membershipExceptions = (
				lib/firebase_options.dart,
				lib/game_user.dart,
				lib/lobby_screen.dart,
				lib/login_screen.dart,
				lib/main_menu_screen.dart,
				lib/main.dart,
				lib/profile_page.dart,
				lib/register_page.dart,
				lib/room_screen.dart,
			);
			target = 347918242EC841E10039E1FE /* ceelo_webUITests */;
		};
/* End PBXFileSystemSynchronizedBuildFileExceptionSet section */

/* Begin PBXFileSystemSynchronizedRootGroup section */
		347918092EC841DC0039E1FE /* ceelo_web */ = {
			isa = PBXFileSystemSynchronizedRootGroup;
			exceptions = (
				3479182D2EC841E10039E1FE /* Exceptions for "ceelo_web" folder in "ceelo_web" target */,
				3479185E2EC8F9880039E1FE /* Exceptions for "ceelo_web" folder in "ceelo_webTests" target */,
				3479185F2EC8F9880039E1FE /* Exceptions for "ceelo_web" folder in "ceelo_webUITests" target */,
			);
			path = ceelo_web;
			sourceTree = "<group>";
		};
		3479181E2EC841E10039E1FE /* ceelo_webTests */ = {
			isa = PBXFileSystemSynchronizedRootGroup;
			path = ceelo_webTests;
			sourceTree = "<group>";
		};
		347918282EC841E10039E1FE /* ceelo_webUITests */ = {
			isa = PBXFileSystemSynchronizedRootGroup;
			path = ceelo_webUITests;
			sourceTree = "<group>";
		};
/* End PBXFileSystemSynchronizedRootGroup section */

/* Begin PBXFrameworksBuildPhase section */
		347918042EC841DC0039E1FE /* Frameworks */ = {
			isa = PBXFrameworksBuildPhase;
			buildActionMask = 2147483647;
			files = (
			);
			runOnlyForDeploymentPostprocessing = 0;
		};
		347918182EC841E10039E1FE /* Frameworks */ = {
			isa = PBXFrameworksBuildPhase;
			buildActionMask = 2147483647;
			files = (
			);
			runOnlyForDeploymentPostprocessing = 0;
		};
		347918222EC841E10039E1FE /* Frameworks */ = {
			isa = PBXFrameworksBuildPhase;
			buildActionMask = 2147483647;
			files = (
			);
			runOnlyForDeploymentPostprocessing = 0;
		};
/* End PBXFrameworksBuildPhase section */

/* Begin PBXGroup section */
		347917FE2EC841DC0039E1FE = {
			isa = PBXGroup;
			children = (
				347918092EC841DC0039E1FE /* ceelo_web */,
				3479181E2EC841E10039E1FE /* ceelo_webTests */,
				347918282EC841E10039E1FE /* ceelo_webUITests */,
				347918082EC841DC0039E1FE /* Products */,
			);
			sourceTree = "<group>";
		};
		347918082EC841DC0039E1FE /* Products */ = {
			isa = PBXGroup;
			children = (
				347918072EC841DC0039E1FE /* ceelo_web.app */,
				3479181B2EC841E10039E1FE /* ceelo_webTests.xctest */,
				347918252EC841E10039E1FE /* ceelo_webUITests.xctest */,
			);
			name = Products;
			sourceTree = "<group>";
		};
/* End PBXGroup section */

/* Begin PBXNativeTarget section */
		347918062EC841DC0039E1FE /* ceelo_web */ = {
			isa = PBXNativeTarget;
			buildConfigurationList = 3479182E2EC841E10039E1FE /* Build configuration list for PBXNativeTarget "ceelo_web" */;
			buildPhases = (
				347918032EC841DC0039E1FE /* Sources */,
				347918042EC841DC0039E1FE /* Frameworks */,
				347918052EC841DC0039E1FE /* Resources */,
			);
			buildRules = (
			);
			dependencies = (
			);
			fileSystemSynchronizedGroups = (
				347918092EC841DC0039E1FE /* ceelo_web */,
			);
			name = ceelo_web;
			packageProductDependencies = (
			);
			productName = ceelo_web;
			productReference = 347918072EC841DC0039E1FE /* ceelo_web.app */;
			productType = "com.apple.product-type.application";
		};
		3479181A2EC841E10039E1FE /* ceelo_webTests */ = {
			isa = PBXNativeTarget;
			buildConfigurationList = 347918332EC841E10039E1FE /* Build configuration list for PBXNativeTarget "ceelo_webTests" */;
			buildPhases = (
				347918172EC841E10039E1FE /* Sources */,
				347918182EC841E10039E1FE /* Frameworks */,
				347918192EC841E10039E1FE /* Resources */,
			);
			buildRules = (
			);
			dependencies = (
				3479181D2EC841E10039E1FE /* PBXTargetDependency */,
			);
			fileSystemSynchronizedGroups = (
				3479181E2EC841E10039E1FE /* ceelo_webTests */,
			);
			name = ceelo_webTests;
			packageProductDependencies = (
			);
			productName = ceelo_webTests;
			productReference = 3479181B2EC841E10039E1FE /* ceelo_webTests.xctest */;
			productType = "com.apple.product-type.bundle.unit-test";
		};
		347918242EC841E10039E1FE /* ceelo_webUITests */ = {
			isa = PBXNativeTarget;
			buildConfigurationList = 347918362EC841E10039E1FE /* Build configuration list for PBXNativeTarget "ceelo_webUITests" */;
			buildPhases = (
				347918212EC841E10039E1FE /* Sources */,
				347918222EC841E10039E1FE /* Frameworks */,
				347918232EC841E10039E1FE /* Resources */,
			);
			buildRules = (
			);
			dependencies = (
				347918272EC841E10039E1FE /* PBXTargetDependency */,
			);
			fileSystemSynchronizedGroups = (
				347918282EC841E10039E1FE /* ceelo_webUITests */,
			);
			name = ceelo_webUITests;
			packageProductDependencies = (
			);
			productName = ceelo_webUITests;
			productReference = 347918252EC841E10039E1FE /* ceelo_webUITests.xctest */;
			productType = "com.apple.product-type.bundle.ui-testing";
		};
/* End PBXNativeTarget section */

/* Begin PBXProject section */
		347917FF2EC841DC0039E1FE /* Project object */ = {
			isa = PBXProject;
			attributes = {
				BuildIndependentTargetsInParallel = 1;
				LastSwiftUpdateCheck = 2610;
				LastUpgradeCheck = 2610;
				TargetAttributes = {
					347918062EC841DC0039E1FE = {
						CreatedOnToolsVersion = 26.1;
					};
					3479181A2EC841E10039E1FE = {
						CreatedOnToolsVersion = 26.1;
						TestTargetID = 347918062EC841DC0039E1FE;
					};
					347918242EC841E10039E1FE = {
						CreatedOnToolsVersion = 26.1;
						TestTargetID = 347918062EC841DC0039E1FE;
					};
				};
			};
			buildConfigurationList = 347918022EC841DC0039E1FE /* Build configuration list for PBXProject "ceelo_web" */;
			developmentRegion = en;
			hasScannedForEncodings = 0;
			knownRegions = (
				en,
				Base,
			);
			mainGroup = 347917FE2EC841DC0039E1FE;
			minimizedProjectReferenceProxies = 1;
			preferredProjectObjectVersion = 77;
			productRefGroup = 347918082EC841DC0039E1FE /* Products */;
			projectDirPath = "";
			projectRoot = "";
			targets = (
				347918062EC841DC0039E1FE /* ceelo_web */,
				3479181A2EC841E10039E1FE /* ceelo_webTests */,
				347918242EC841E10039E1FE /* ceelo_webUITests */,
			);
		};
/* End PBXProject section */

/* Begin PBXResourcesBuildPhase section */
		347918052EC841DC0039E1FE /* Resources */ = {
			isa = PBXResourcesBuildPhase;
			buildActionMask = 2147483647;
			files = (
			);
			runOnlyForDeploymentPostprocessing = 0;
		};
		347918192EC841E10039E1FE /* Resources */ = {
			isa = PBXResourcesBuildPhase;
			buildActionMask = 2147483647;
			files = (
			);
			runOnlyForDeploymentPostprocessing = 0;
		};
		347918232EC841E10039E1FE /* Resources */ = {
			isa = PBXResourcesBuildPhase;
			buildActionMask = 2147483647;
			files = (
			);
			runOnlyForDeploymentPostprocessing = 0;
		};
/* End PBXResourcesBuildPhase section */

/* Begin PBXSourcesBuildPhase section */
		347918032EC841DC0039E1FE /* Sources */ = {
			isa = PBXSourcesBuildPhase;
			buildActionMask = 2147483647;
			files = (
			);
			runOnlyForDeploymentPostprocessing = 0;
		};
		347918172EC841E10039E1FE /* Sources */ = {
			isa = PBXSourcesBuildPhase;
			buildActionMask = 2147483647;
			files = (
			);
			runOnlyForDeploymentPostprocessing = 0;
		};
		347918212EC841E10039E1FE /* Sources */ = {
			isa = PBXSourcesBuildPhase;
			buildActionMask = 2147483647;
			files = (
			);
			runOnlyForDeploymentPostprocessing = 0;
		};
/* End PBXSourcesBuildPhase section */

/* Begin PBXTargetDependency section */
		3479181D2EC841E10039E1FE /* PBXTargetDependency */ = {
			isa = PBXTargetDependency;
			target = 347918062EC841DC0039E1FE /* ceelo_web */;
			targetProxy = 3479181C2EC841E10039E1FE /* PBXContainerItemProxy */;
		};
		347918272EC841E10039E1FE /* PBXTargetDependency */ = {
			isa = PBXTargetDependency;
			target = 347918062EC841DC0039E1FE /* ceelo_web */;
			targetProxy = 347918262EC841E10039E1FE /* PBXContainerItemProxy */;
		};
/* End PBXTargetDependency section */

/* Begin XCBuildConfiguration section */
		3479182F2EC841E10039E1FE /* Debug */ = {
			isa = XCBuildConfiguration;
			buildSettings = {
				ASSETCATALOG_COMPILER_APPICON_NAME = AppIcon;
				ASSETCATALOG_COMPILER_GLOBAL_ACCENT_COLOR_NAME = AccentColor;
				ASSETCATALOG_COMPILER_INCLUDE_ALL_APPICON_ASSETS = YES;
				CODE_SIGN_ENTITLEMENTS = ceelo_web/ceelo_web.entitlements;
				CODE_SIGN_STYLE = Automatic;
				CURRENT_PROJECT_VERSION = 1;
				DEVELOPMENT_TEAM = D67D2979PX;
				ENABLE_PREVIEWS = YES;
				GENERATE_INFOPLIST_FILE = YES;
				INFOPLIST_FILE = ceelo_web/Info.plist;
				INFOPLIST_KEY_UIApplicationSceneManifest_Generation = YES;
				INFOPLIST_KEY_UIApplicationSupportsIndirectInputEvents = YES;
				INFOPLIST_KEY_UILaunchScreen_Generation = YES;
				INFOPLIST_KEY_UISupportedInterfaceOrientations_iPad = "UIInterfaceOrientationPortrait UIInterfaceOrientationPortraitUpsideDown UIInterfaceOrientationLandscapeLeft UIInterfaceOrientationLandscapeRight";
				INFOPLIST_KEY_UISupportedInterfaceOrientations_iPhone = "UIInterfaceOrientationPortrait UIInterfaceOrientationLandscapeLeft UIInterfaceOrientationLandscapeRight";
				IPHONEOS_DEPLOYMENT_TARGET = 16.6;
				"IPHONEOS_DEPLOYMENT_TARGET[arch=*]" = 26.1;
				LD_RUNPATH_SEARCH_PATHS = (
					"$(inherited)",
					"@executable_path/Frameworks",
				);
				MARKETING_VERSION = 1.0;
				PRODUCT_BUNDLE_IDENTIFIER = "Bernard-McKnight.ceelo-web";
				PRODUCT_NAME = "$(TARGET_NAME)";
				STRING_CATALOG_GENERATE_SYMBOLS = YES;
				SWIFT_APPROACHABLE_CONCURRENCY = YES;
				SWIFT_DEFAULT_ACTOR_ISOLATION = MainActor;
				SWIFT_EMIT_LOC_STRINGS = YES;
				SWIFT_UPCOMING_FEATURE_MEMBER_IMPORT_VISIBILITY = YES;
				SWIFT_VERSION = 5.0;
				TARGETED_DEVICE_FAMILY = "1,2";
			};
			name = Debug;
		};
		347918302EC841E10039E1FE /* Release */ = {
			isa = XCBuildConfiguration;
			buildSettings = {
				ASSETCATALOG_COMPILER_APPICON_NAME = AppIcon;
				ASSETCATALOG_COMPILER_GLOBAL_ACCENT_COLOR_NAME = AccentColor;
				ASSETCATALOG_COMPILER_INCLUDE_ALL_APPICON_ASSETS = YES;
				CODE_SIGN_ENTITLEMENTS = ceelo_web/ceelo_web.entitlements;
				CODE_SIGN_STYLE = Automatic;
				CURRENT_PROJECT_VERSION = 1;
				DEVELOPMENT_TEAM = D67D2979PX;
				ENABLE_PREVIEWS = YES;
				GENERATE_INFOPLIST_FILE = YES;
				INFOPLIST_FILE = ceelo_web/Info.plist;
				INFOPLIST_KEY_UIApplicationSceneManifest_Generation = YES;
				INFOPLIST_KEY_UIApplicationSupportsIndirectInputEvents = YES;
				INFOPLIST_KEY_UILaunchScreen_Generation = YES;
				INFOPLIST_KEY_UISupportedInterfaceOrientations_iPad = "UIInterfaceOrientationPortrait UIInterfaceOrientationPortraitUpsideDown UIInterfaceOrientationLandscapeLeft UIInterfaceOrientationLandscapeRight";
				INFOPLIST_KEY_UISupportedInterfaceOrientations_iPhone = "UIInterfaceOrientationPortrait UIInterfaceOrientationLandscapeLeft UIInterfaceOrientationLandscapeRight";
				IPHONEOS_DEPLOYMENT_TARGET = 15.6;
				"IPHONEOS_DEPLOYMENT_TARGET[arch=*]" = 26.1;
				LD_RUNPATH_SEARCH_PATHS = (
					"$(inherited)",
					"@executable_path/Frameworks",
				);
				MARKETING_VERSION = 1.0;
				PRODUCT_BUNDLE_IDENTIFIER = "Bernard-McKnight.ceelo-web";
				PRODUCT_NAME = "$(TARGET_NAME)";
				STRING_CATALOG_GENERATE_SYMBOLS = YES;
				SWIFT_APPROACHABLE_CONCURRENCY = YES;
				SWIFT_DEFAULT_ACTOR_ISOLATION = MainActor;
				SWIFT_EMIT_LOC_STRINGS = YES;
				SWIFT_UPCOMING_FEATURE_MEMBER_IMPORT_VISIBILITY = YES;
				SWIFT_VERSION = 5.0;
				TARGETED_DEVICE_FAMILY = "1,2";
			};
			name = Release;
		};
		347918312EC841E10039E1FE /* Debug */ = {
			isa = XCBuildConfiguration;
			buildSettings = {
				ALWAYS_SEARCH_USER_PATHS = NO;
				ASSETCATALOG_COMPILER_GENERATE_SWIFT_ASSET_SYMBOL_EXTENSIONS = YES;
				CLANG_ANALYZER_NONNULL = YES;
				CLANG_ANALYZER_NUMBER_OBJECT_CONVERSION = YES_AGGRESSIVE;
				CLANG_CXX_LANGUAGE_STANDARD = "gnu++20";
				CLANG_ENABLE_MODULES = YES;
				CLANG_ENABLE_OBJC_ARC = YES;
				CLANG_ENABLE_OBJC_WEAK = YES;
				CLANG_WARN_BLOCK_CAPTURE_AUTORELEASING = YES;
				CLANG_WARN_BOOL_CONVERSION = YES;
				CLANG_WARN_COMMA = YES;
				CLANG_WARN_CONSTANT_CONVERSION = YES;
				CLANG_WARN_DEPRECATED_OBJC_IMPLEMENTATIONS = YES;
				CLANG_WARN_DIRECT_OBJC_ISA_USAGE = YES_ERROR;
				CLANG_WARN_DOCUMENTATION_COMMENTS = YES;
				CLANG_WARN_EMPTY_BODY = YES;
				CLANG_WARN_ENUM_CONVERSION = YES;
				CLANG_WARN_INFINITE_RECURSION = YES;
				CLANG_WARN_INT_CONVERSION = YES;
				CLANG_WARN_NON_LITERAL_NULL_CONVERSION = YES;
				CLANG_WARN_OBJC_IMPLICIT_RETAIN_SELF = YES;
				CLANG_WARN_OBJC_LITERAL_CONVERSION = YES;
				CLANG_WARN_OBJC_ROOT_CLASS = YES_ERROR;
				CLANG_WARN_QUOTED_INCLUDE_IN_FRAMEWORK_HEADER = YES;
				CLANG_WARN_RANGE_LOOP_ANALYSIS = YES;
				CLANG_WARN_STRICT_PROTOTYPES = YES;
				CLANG_WARN_SUSPICIOUS_MOVE = YES;
				CLANG_WARN_UNGUARDED_AVAILABILITY = YES_AGGRESSIVE;
				CLANG_WARN_UNREACHABLE_CODE = YES;
				CLANG_WARN__DUPLICATE_METHOD_MATCH = YES;
				COPY_PHASE_STRIP = NO;
				DEBUG_INFORMATION_FORMAT = dwarf;
				DEVELOPMENT_TEAM = D67D2979PX;
				ENABLE_STRICT_OBJC_MSGSEND = YES;
				ENABLE_TESTABILITY = YES;
				ENABLE_USER_SCRIPT_SANDBOXING = YES;
				GCC_C_LANGUAGE_STANDARD = gnu17;
				GCC_DYNAMIC_NO_PIC = NO;
				GCC_NO_COMMON_BLOCKS = YES;
				GCC_OPTIMIZATION_LEVEL = 0;
				GCC_PREPROCESSOR_DEFINITIONS = (
					"DEBUG=1",
					"$(inherited)",
				);
				GCC_WARN_64_TO_32_BIT_CONVERSION = YES;
				GCC_WARN_ABOUT_RETURN_TYPE = YES_ERROR;
				GCC_WARN_UNDECLARED_SELECTOR = YES;
				GCC_WARN_UNINITIALIZED_AUTOS = YES_AGGRESSIVE;
				GCC_WARN_UNUSED_FUNCTION = YES;
				GCC_WARN_UNUSED_VARIABLE = YES;
				IPHONEOS_DEPLOYMENT_TARGET = 26.1;
				LOCALIZATION_PREFERS_STRING_CATALOGS = YES;
				MTL_ENABLE_DEBUG_INFO = INCLUDE_SOURCE;
				MTL_FAST_MATH = YES;
				ONLY_ACTIVE_ARCH = YES;
				SDKROOT = iphoneos;
				SWIFT_ACTIVE_COMPILATION_CONDITIONS = "DEBUG $(inherited)";
				SWIFT_OPTIMIZATION_LEVEL = "-Onone";
			};
			name = Debug;
		};
		347918322EC841E10039E1FE /* Release */ = {
			isa = XCBuildConfiguration;
			buildSettings = {
				ALWAYS_SEARCH_USER_PATHS = NO;
				ASSETCATALOG_COMPILER_GENERATE_SWIFT_ASSET_SYMBOL_EXTENSIONS = YES;
				CLANG_ANALYZER_NONNULL = YES;
				CLANG_ANALYZER_NUMBER_OBJECT_CONVERSION = YES_AGGRESSIVE;
				CLANG_CXX_LANGUAGE_STANDARD = "gnu++20";
				CLANG_ENABLE_MODULES = YES;
				CLANG_ENABLE_OBJC_ARC = YES;
				CLANG_ENABLE_OBJC_WEAK = YES;
				CLANG_WARN_BLOCK_CAPTURE_AUTORELEASING = YES;
				CLANG_WARN_BOOL_CONVERSION = YES;
				CLANG_WARN_COMMA = YES;
				CLANG_WARN_CONSTANT_CONVERSION = YES;
				CLANG_WARN_DEPRECATED_OBJC_IMPLEMENTATIONS = YES;
				CLANG_WARN_DIRECT_OBJC_ISA_USAGE = YES_ERROR;
				CLANG_WARN_DOCUMENTATION_COMMENTS = YES;
				CLANG_WARN_EMPTY_BODY = YES;
				CLANG_WARN_ENUM_CONVERSION = YES;
				CLANG_WARN_INFINITE_RECURSION = YES;
				CLANG_WARN_INT_CONVERSION = YES;
				CLANG_WARN_NON_LITERAL_NULL_CONVERSION = YES;
				CLANG_WARN_OBJC_IMPLICIT_RETAIN_SELF = YES;
				CLANG_WARN_OBJC_LITERAL_CONVERSION = YES;
				CLANG_WARN_OBJC_ROOT_CLASS = YES_ERROR;
				CLANG_WARN_QUOTED_INCLUDE_IN_FRAMEWORK_HEADER = YES;
				CLANG_WARN_RANGE_LOOP_ANALYSIS = YES;
				CLANG_WARN_STRICT_PROTOTYPES = YES;
				CLANG_WARN_SUSPICIOUS_MOVE = YES;
				CLANG_WARN_UNGUARDED_AVAILABILITY = YES_AGGRESSIVE;
				CLANG_WARN_UNREACHABLE_CODE = YES;
				CLANG_WARN__DUPLICATE_METHOD_MATCH = YES;
				COPY_PHASE_STRIP = NO;
				DEBUG_INFORMATION_FORMAT = "dwarf-with-dsym";
				DEVELOPMENT_TEAM = D67D2979PX;
				ENABLE_NS_ASSERTIONS = NO;
				ENABLE_STRICT_OBJC_MSGSEND = YES;
				ENABLE_USER_SCRIPT_SANDBOXING = YES;
				GCC_C_LANGUAGE_STANDARD = gnu17;
				GCC_NO_COMMON_BLOCKS = YES;
				GCC_WARN_64_TO_32_BIT_CONVERSION = YES;
				GCC_WARN_ABOUT_RETURN_TYPE = YES_ERROR;
				GCC_WARN_UNDECLARED_SELECTOR = YES;
				GCC_WARN_UNINITIALIZED_AUTOS = YES_AGGRESSIVE;
				GCC_WARN_UNUSED_FUNCTION = YES;
				GCC_WARN_UNUSED_VARIABLE = YES;
				IPHONEOS_DEPLOYMENT_TARGET = 26.1;
				LOCALIZATION_PREFERS_STRING_CATALOGS = YES;
				MTL_ENABLE_DEBUG_INFO = NO;
				MTL_FAST_MATH = YES;
				SDKROOT = iphoneos;
				SWIFT_COMPILATION_MODE = wholemodule;
				VALIDATE_PRODUCT = YES;
			};
			name = Release;
		};
		347918342EC841E10039E1FE /* Debug */ = {
			isa = XCBuildConfiguration;
			buildSettings = {
				BUNDLE_LOADER = "$(TEST_HOST)";
				CODE_SIGN_STYLE = Automatic;
				CURRENT_PROJECT_VERSION = 1;
				DEVELOPMENT_TEAM = D67D2979PX;
				GENERATE_INFOPLIST_FILE = YES;
				IPHONEOS_DEPLOYMENT_TARGET = 26.1;
				MARKETING_VERSION = 1.0;
				PRODUCT_BUNDLE_IDENTIFIER = "Bernard-McKnight.ceelo-webTests";
				PRODUCT_NAME = "$(TARGET_NAME)";
				STRING_CATALOG_GENERATE_SYMBOLS = NO;
				SWIFT_APPROACHABLE_CONCURRENCY = YES;
				SWIFT_EMIT_LOC_STRINGS = NO;
				SWIFT_UPCOMING_FEATURE_MEMBER_IMPORT_VISIBILITY = YES;
				SWIFT_VERSION = 5.0;
				TARGETED_DEVICE_FAMILY = "1,2";
				TEST_HOST = "$(BUILT_PRODUCTS_DIR)/ceelo_web.app/$(BUNDLE_EXECUTABLE_FOLDER_PATH)/ceelo_web";
			};
			name = Debug;
		};
		347918352EC841E10039E1FE /* Release */ = {
			isa = XCBuildConfiguration;
			buildSettings = {
				BUNDLE_LOADER = "$(TEST_HOST)";
				CODE_SIGN_STYLE = Automatic;
				CURRENT_PROJECT_VERSION = 1;
				DEVELOPMENT_TEAM = D67D2979PX;
				GENERATE_INFOPLIST_FILE = YES;
				IPHONEOS_DEPLOYMENT_TARGET = 26.1;
				MARKETING_VERSION = 1.0;
				PRODUCT_BUNDLE_IDENTIFIER = "Bernard-McKnight.ceelo-webTests";
				PRODUCT_NAME = "$(TARGET_NAME)";
				STRING_CATALOG_GENERATE_SYMBOLS = NO;
				SWIFT_APPROACHABLE_CONCURRENCY = YES;
				SWIFT_EMIT_LOC_STRINGS = NO;
				SWIFT_UPCOMING_FEATURE_MEMBER_IMPORT_VISIBILITY = YES;
				SWIFT_VERSION = 5.0;
				TARGETED_DEVICE_FAMILY = "1,2";
				TEST_HOST = "$(BUILT_PRODUCTS_DIR)/ceelo_web.app/$(BUNDLE_EXECUTABLE_FOLDER_PATH)/ceelo_web";
			};
			name = Release;
		};
		347918372EC841E10039E1FE /* Debug */ = {
			isa = XCBuildConfiguration;
			buildSettings = {
				CODE_SIGN_STYLE = Automatic;
				CURRENT_PROJECT_VERSION = 1;
				DEVELOPMENT_TEAM = D67D2979PX;
				GENERATE_INFOPLIST_FILE = YES;
				MARKETING_VERSION = 1.0;
				PRODUCT_BUNDLE_IDENTIFIER = "Bernard-McKnight.ceelo-webUITests";
				PRODUCT_NAME = "$(TARGET_NAME)";
				STRING_CATALOG_GENERATE_SYMBOLS = NO;
				SWIFT_APPROACHABLE_CONCURRENCY = YES;
				SWIFT_EMIT_LOC_STRINGS = NO;
				SWIFT_UPCOMING_FEATURE_MEMBER_IMPORT_VISIBILITY = YES;
				SWIFT_VERSION = 5.0;
				TARGETED_DEVICE_FAMILY = "1,2";
				TEST_TARGET_NAME = ceelo_web;
			};
			name = Debug;
		};
		347918382EC841E10039E1FE /* Release */ = {
			isa = XCBuildConfiguration;
			buildSettings = {
				CODE_SIGN_STYLE = Automatic;
				CURRENT_PROJECT_VERSION = 1;
				DEVELOPMENT_TEAM = D67D2979PX;
				GENERATE_INFOPLIST_FILE = YES;
				MARKETING_VERSION = 1.0;
				PRODUCT_BUNDLE_IDENTIFIER = "Bernard-McKnight.ceelo-webUITests";
				PRODUCT_NAME = "$(TARGET_NAME)";
				STRING_CATALOG_GENERATE_SYMBOLS = NO;
				SWIFT_APPROACHABLE_CONCURRENCY = YES;
				SWIFT_EMIT_LOC_STRINGS = NO;
				SWIFT_UPCOMING_FEATURE_MEMBER_IMPORT_VISIBILITY = YES;
				SWIFT_VERSION = 5.0;
				TARGETED_DEVICE_FAMILY = "1,2";
				TEST_TARGET_NAME = ceelo_web;
			};
			name = Release;
		};
/* End XCBuildConfiguration section */

/* Begin XCConfigurationList section */
		347918022EC841DC0039E1FE /* Build configuration list for PBXProject "ceelo_web" */ = {
			isa = XCConfigurationList;
			buildConfigurations = (
				347918312EC841E10039E1FE /* Debug */,
				347918322EC841E10039E1FE /* Release */,
			);
			defaultConfigurationIsVisible = 0;
			defaultConfigurationName = Release;
		};
		3479182E2EC841E10039E1FE /* Build configuration list for PBXNativeTarget "ceelo_web" */ = {
			isa = XCConfigurationList;
			buildConfigurations = (
				3479182F2EC841E10039E1FE /* Debug */,
				347918302EC841E10039E1FE /* Release */,
			);
			defaultConfigurationIsVisible = 0;
			defaultConfigurationName = Release;
		};
		347918332EC841E10039E1FE /* Build configuration list for PBXNativeTarget "ceelo_webTests" */ = {
			isa = XCConfigurationList;
			buildConfigurations = (
				347918342EC841E10039E1FE /* Debug */,
				347918352EC841E10039E1FE /* Release */,
			);
			defaultConfigurationIsVisible = 0;
			defaultConfigurationName = Release;
		};
		347918362EC841E10039E1FE /* Build configuration list for PBXNativeTarget "ceelo_webUITests" */ = {
			isa = XCConfigurationList;
			buildConfigurations = (
				347918372EC841E10039E1FE /* Debug */,
				347918382EC841E10039E1FE /* Release */,
			);
			defaultConfigurationIsVisible = 0;
			defaultConfigurationName = Release;
		};
/* End XCConfigurationList section */
	};
	rootObject = 347917FF2EC841DC0039E1FE /* Project object */;
}
